
Microsoft Visual Studio Solution File, Format Version 12.00
# Visual Studio Version 16
VisualStudioVersion = 16.0.30225.117
MinimumVisualStudioVersion = 10.0.40219.1
Project("{9A19103F-16F7-4668-BE54-9A1E7A4F7556}") = "WebApp", "WebApp\WebApp.csproj", "{7248EAF5-F195-4955-894A-162FB3845E34}"
EndProject
Project("{2150E333-8FDC-42A3-9474-1A3956D46DE8}") = "WebAppBase", "WebAppBase", "{C1AF66FA-6713-4709-8767-A85AB5BC325B}"
EndProject
Project("{2150E333-8FDC-42A3-9474-1A3956D46DE8}") = "Domain", "Domain", "{4082E5CE-6326-4822-A551-3E68FF7D5372}"
EndProject
Project("{FAE04EC0-301F-11D3-BF4B-00C04F79EFBC}") = "Models", "Models\Models.csproj", "{E714D902-851B-4113-80F7-374F498B0F0D}"
EndProject
Global
	GlobalSection(SolutionConfigurationPlatforms) = preSolution
		Debug|Any CPU = Debug|Any CPU
		Release|Any CPU = Release|Any CPU
	EndGlobalSection
	GlobalSection(ProjectConfigurationPlatforms) = postSolution
		{7248EAF5-F195-4955-894A-162FB3845E34}.Debug|Any CPU.ActiveCfg = Debug|Any CPU
		{7248EAF5-F195-4955-894A-162FB3845E34}.Debug|Any CPU.Build.0 = Debug|Any CPU
		{7248EAF5-F195-4955-894A-162FB3845E34}.Release|Any CPU.ActiveCfg = Release|Any CPU
		{7248EAF5-F195-4955-894A-162FB3845E34}.Release|Any CPU.Build.0 = Release|Any CPU
		{E714D902-851B-4113-80F7-374F498B0F0D}.Debug|Any CPU.ActiveCfg = Debug|Any CPU
		{E714D902-851B-4113-80F7-374F498B0F0D}.Debug|Any CPU.Build.0 = Debug|Any CPU
		{E714D902-851B-4113-80F7-374F498B0F0D}.Release|Any CPU.ActiveCfg = Release|Any CPU
		{E714D902-851B-4113-80F7-374F498B0F0D}.Release|Any CPU.Build.0 = Release|Any CPU
	EndGlobalSection
	GlobalSection(SolutionProperties) = preSolution
		HideSolutionNode = FALSE
	EndGlobalSection
	GlobalSection(NestedProjects) = preSolution
		{7248EAF5-F195-4955-894A-162FB3845E34} = {C1AF66FA-6713-4709-8767-A85AB5BC325B}
		{E714D902-851B-4113-80F7-374F498B0F0D} = {4082E5CE-6326-4822-A551-3E68FF7D5372}
	EndGlobalSection
	GlobalSection(ExtensibilityGlobals) = postSolution
		SolutionGuid = {9FE2EA18-67BB-415F-9A8D-BC105B55F98F}
	EndGlobalSection
EndGlobal
